
Microsoft Visual Studio Solution File, Format Version 12.00
# Visual Studio Version 16
VisualStudioVersion = 16.0.31112.23
MinimumVisualStudioVersion = 10.0.40219.1
Project("{FAE04EC0-301F-11D3-BF4B-00C04F79EFBC}") = "HROADS_tarde", "HROADS_tarde\HROADS_tarde.csproj", "{4833C007-658C-4B2C-8B15-3F9519AB7C96}"
EndProject
Global
	GlobalSection(SolutionConfigurationPlatforms) = preSolution
		Debug|Any CPU = Debug|Any CPU
		Release|Any CPU = Release|Any CPU
	EndGlobalSection
	GlobalSection(ProjectConfigurationPlatforms) = postSolution
		{4833C007-658C-4B2C-8B15-3F9519AB7C96}.Debug|Any CPU.ActiveCfg = Debug|Any CPU
		{4833C007-658C-4B2C-8B15-3F9519AB7C96}.Debug|Any CPU.Build.0 = Debug|Any CPU
		{4833C007-658C-4B2C-8B15-3F9519AB7C96}.Release|Any CPU.ActiveCfg = Release|Any CPU
		{4833C007-658C-4B2C-8B15-3F9519AB7C96}.Release|Any CPU.Build.0 = Release|Any CPU
	EndGlobalSection
	GlobalSection(SolutionProperties) = preSolution
		HideSolutionNode = FALSE
	EndGlobalSection
	GlobalSection(ExtensibilityGlobals) = postSolution
		SolutionGuid = {C9787F79-8B8D-4284-8EF3-6B533D257957}
	EndGlobalSection
EndGlobal
